
Microsoft Visual Studio Solution File, Format Version 12.00
# Visual Studio Version 16
VisualStudioVersion = 16.0.29709.97
MinimumVisualStudioVersion = 10.0.40219.1
Project("{FAE04EC0-301F-11D3-BF4B-00C04F79EFBC}") = "AspNetMongoDB", "AspNetMongoDB\AspNetMongoDB.csproj", "{688759EF-AB3D-4654-962E-4008BB1A6505}"
EndProject
Global
	GlobalSection(SolutionConfigurationPlatforms) = preSolution
		Debug|Any CPU = Debug|Any CPU
		Release|Any CPU = Release|Any CPU
	EndGlobalSection
	GlobalSection(ProjectConfigurationPlatforms) = postSolution
		{688759EF-AB3D-4654-962E-4008BB1A6505}.Debug|Any CPU.ActiveCfg = Debug|Any CPU
		{688759EF-AB3D-4654-962E-4008BB1A6505}.Debug|Any CPU.Build.0 = Debug|Any CPU
		{688759EF-AB3D-4654-962E-4008BB1A6505}.Release|Any CPU.ActiveCfg = Release|Any CPU
		{688759EF-AB3D-4654-962E-4008BB1A6505}.Release|Any CPU.Build.0 = Release|Any CPU
	EndGlobalSection
	GlobalSection(SolutionProperties) = preSolution
		HideSolutionNode = FALSE
	EndGlobalSection
	GlobalSection(ExtensibilityGlobals) = postSolution
		SolutionGuid = {348AD5AD-9AEE-4B10-B641-30E114423817}
	EndGlobalSection
EndGlobal
