
Microsoft Visual Studio Solution File, Format Version 12.00
# Visual Studio Version 16
VisualStudioVersion = 16.0.29709.97
MinimumVisualStudioVersion = 10.0.40219.1
Project("{9A19103F-16F7-4668-BE54-9A1E7A4F7556}") = "AspNetMongoDB", "AspNetMongoDB\AspNetMongoDB.csproj", "{688759EF-AB3D-4654-962E-4008BB1A6505}"
EndProject
Project("{9A19103F-16F7-4668-BE54-9A1E7A4F7556}") = "Core", "Core\Core.csproj", "{AB92545D-62BD-4627-B1B7-F1D3F681569D}"
EndProject
Project("{9A19103F-16F7-4668-BE54-9A1E7A4F7556}") = "AppSettings", "AppSettings\AppSettings.csproj", "{14B8DDAF-82BD-4034-B027-1E75AAA8B334}"
EndProject
Project("{FAE04EC0-301F-11D3-BF4B-00C04F79EFBC}") = "Services", "Services\Services.csproj", "{28B023F3-453D-4DBD-BEBA-42B9D4DC20BE}"
EndProject
Global
	GlobalSection(SolutionConfigurationPlatforms) = preSolution
		Debug|Any CPU = Debug|Any CPU
		Release|Any CPU = Release|Any CPU
	EndGlobalSection
	GlobalSection(ProjectConfigurationPlatforms) = postSolution
		{688759EF-AB3D-4654-962E-4008BB1A6505}.Debug|Any CPU.ActiveCfg = Debug|Any CPU
		{688759EF-AB3D-4654-962E-4008BB1A6505}.Debug|Any CPU.Build.0 = Debug|Any CPU
		{688759EF-AB3D-4654-962E-4008BB1A6505}.Release|Any CPU.ActiveCfg = Release|Any CPU
		{688759EF-AB3D-4654-962E-4008BB1A6505}.Release|Any CPU.Build.0 = Release|Any CPU
		{AB92545D-62BD-4627-B1B7-F1D3F681569D}.Debug|Any CPU.ActiveCfg = Debug|Any CPU
		{AB92545D-62BD-4627-B1B7-F1D3F681569D}.Debug|Any CPU.Build.0 = Debug|Any CPU
		{AB92545D-62BD-4627-B1B7-F1D3F681569D}.Release|Any CPU.ActiveCfg = Release|Any CPU
		{AB92545D-62BD-4627-B1B7-F1D3F681569D}.Release|Any CPU.Build.0 = Release|Any CPU
		{14B8DDAF-82BD-4034-B027-1E75AAA8B334}.Debug|Any CPU.ActiveCfg = Debug|Any CPU
		{14B8DDAF-82BD-4034-B027-1E75AAA8B334}.Debug|Any CPU.Build.0 = Debug|Any CPU
		{14B8DDAF-82BD-4034-B027-1E75AAA8B334}.Release|Any CPU.ActiveCfg = Release|Any CPU
		{14B8DDAF-82BD-4034-B027-1E75AAA8B334}.Release|Any CPU.Build.0 = Release|Any CPU
		{28B023F3-453D-4DBD-BEBA-42B9D4DC20BE}.Debug|Any CPU.ActiveCfg = Debug|Any CPU
		{28B023F3-453D-4DBD-BEBA-42B9D4DC20BE}.Debug|Any CPU.Build.0 = Debug|Any CPU
		{28B023F3-453D-4DBD-BEBA-42B9D4DC20BE}.Release|Any CPU.ActiveCfg = Release|Any CPU
		{28B023F3-453D-4DBD-BEBA-42B9D4DC20BE}.Release|Any CPU.Build.0 = Release|Any CPU
	EndGlobalSection
	GlobalSection(SolutionProperties) = preSolution
		HideSolutionNode = FALSE
	EndGlobalSection
	GlobalSection(ExtensibilityGlobals) = postSolution
		SolutionGuid = {348AD5AD-9AEE-4B10-B641-30E114423817}
	EndGlobalSection
EndGlobal
